// !$*UTF8*$!
{
	archiveVersion = 1;
	classes = {
	};
	objectVersion = 56;
	objects = {

/* Begin PBXBuildFile section */
		47003B2D299BBFCE00577725 /* MainMenu.swift in Sources */ = {isa = PBXBuildFile; fileRef = 47003B2C299BBFCE00577725 /* MainMenu.swift */; };
		A207E9972994062100CBBBEE /* Game.swift in Sources */ = {isa = PBXBuildFile; fileRef = A207E9962994062100CBBBEE /* Game.swift */; };
		A207E9992994068000CBBBEE /* Button.swift in Sources */ = {isa = PBXBuildFile; fileRef = A207E9982994068000CBBBEE /* Button.swift */; };
		A207E99B299406A800CBBBEE /* Pause Menu.swift in Sources */ = {isa = PBXBuildFile; fileRef = A207E99A299406A800CBBBEE /* Pause Menu.swift */; };
		A207E99F299406DF00CBBBEE /* endGameMenu.swift in Sources */ = {isa = PBXBuildFile; fileRef = A207E99E299406DF00CBBBEE /* endGameMenu.swift */; };
		A2C65C54298AA90100CEB479 /* ClimbApp.swift in Sources */ = {isa = PBXBuildFile; fileRef = A2C65C53298AA90100CEB479 /* ClimbApp.swift */; };
		A2C65C56298AA90100CEB479 /* ContentView.swift in Sources */ = {isa = PBXBuildFile; fileRef = A2C65C55298AA90100CEB479 /* ContentView.swift */; };
		A2C65C58298AA90200CEB479 /* Assets.xcassets in Resources */ = {isa = PBXBuildFile; fileRef = A2C65C57298AA90200CEB479 /* Assets.xcassets */; };
		A2C65C5B298AA90200CEB479 /* Preview Assets.xcassets in Resources */ = {isa = PBXBuildFile; fileRef = A2C65C5A298AA90200CEB479 /* Preview Assets.xcassets */; };
		A2C65C65298AA90200CEB479 /* ClimbTests.swift in Sources */ = {isa = PBXBuildFile; fileRef = A2C65C64298AA90200CEB479 /* ClimbTests.swift */; };
		A2C65C6F298AA90200CEB479 /* ClimbUITests.swift in Sources */ = {isa = PBXBuildFile; fileRef = A2C65C6E298AA90200CEB479 /* ClimbUITests.swift */; };
		A2C65C71298AA90200CEB479 /* ClimbUITestsLaunchTests.swift in Sources */ = {isa = PBXBuildFile; fileRef = A2C65C70298AA90200CEB479 /* ClimbUITestsLaunchTests.swift */; };
		A2F6ABB129A3D9C900A14A51 /* levelCompleted.swift in Sources */ = {isa = PBXBuildFile; fileRef = A2F6ABB029A3D9C900A14A51 /* levelCompleted.swift */; };
		C6622F23299FCA1A00592947 /* LeaderBoardView.swift in Sources */ = {isa = PBXBuildFile; fileRef = C6622F22299FCA1A00592947 /* LeaderBoardView.swift */; };
		C6622F25299FCA2300592947 /* HighScore.swift in Sources */ = {isa = PBXBuildFile; fileRef = C6622F24299FCA2300592947 /* HighScore.swift */; };
/* End PBXBuildFile section */

/* Begin PBXContainerItemProxy section */
		A2C65C61298AA90200CEB479 /* PBXContainerItemProxy */ = {
			isa = PBXContainerItemProxy;
			containerPortal = A2C65C48298AA90100CEB479 /* Project object */;
			proxyType = 1;
			remoteGlobalIDString = A2C65C4F298AA90100CEB479;
			remoteInfo = Climb;
		};
		A2C65C6B298AA90200CEB479 /* PBXContainerItemProxy */ = {
			isa = PBXContainerItemProxy;
			containerPortal = A2C65C48298AA90100CEB479 /* Project object */;
			proxyType = 1;
			remoteGlobalIDString = A2C65C4F298AA90100CEB479;
			remoteInfo = Climb;
		};
/* End PBXContainerItemProxy section */

/* Begin PBXFileReference section */
		47003B2C299BBFCE00577725 /* MainMenu.swift */ = {isa = PBXFileReference; lastKnownFileType = sourcecode.swift; path = MainMenu.swift; sourceTree = "<group>"; };
		A207E9962994062100CBBBEE /* Game.swift */ = {isa = PBXFileReference; lastKnownFileType = sourcecode.swift; path = Game.swift; sourceTree = "<group>"; };
		A207E9982994068000CBBBEE /* Button.swift */ = {isa = PBXFileReference; lastKnownFileType = sourcecode.swift; path = Button.swift; sourceTree = "<group>"; };
		A207E99A299406A800CBBBEE /* Pause Menu.swift */ = {isa = PBXFileReference; lastKnownFileType = sourcecode.swift; path = "Pause Menu.swift"; sourceTree = "<group>"; };
		A207E99E299406DF00CBBBEE /* endGameMenu.swift */ = {isa = PBXFileReference; lastKnownFileType = sourcecode.swift; path = endGameMenu.swift; sourceTree = "<group>"; };
		A2C65C50298AA90100CEB479 /* Climb.app */ = {isa = PBXFileReference; explicitFileType = wrapper.application; includeInIndex = 0; path = Climb.app; sourceTree = BUILT_PRODUCTS_DIR; };
		A2C65C53298AA90100CEB479 /* ClimbApp.swift */ = {isa = PBXFileReference; lastKnownFileType = sourcecode.swift; path = ClimbApp.swift; sourceTree = "<group>"; };
		A2C65C55298AA90100CEB479 /* ContentView.swift */ = {isa = PBXFileReference; lastKnownFileType = sourcecode.swift; path = ContentView.swift; sourceTree = "<group>"; };
		A2C65C57298AA90200CEB479 /* Assets.xcassets */ = {isa = PBXFileReference; lastKnownFileType = folder.assetcatalog; path = Assets.xcassets; sourceTree = "<group>"; };
		A2C65C5A298AA90200CEB479 /* Preview Assets.xcassets */ = {isa = PBXFileReference; lastKnownFileType = folder.assetcatalog; path = "Preview Assets.xcassets"; sourceTree = "<group>"; };
		A2C65C60298AA90200CEB479 /* ClimbTests.xctest */ = {isa = PBXFileReference; explicitFileType = wrapper.cfbundle; includeInIndex = 0; path = ClimbTests.xctest; sourceTree = BUILT_PRODUCTS_DIR; };
		A2C65C64298AA90200CEB479 /* ClimbTests.swift */ = {isa = PBXFileReference; lastKnownFileType = sourcecode.swift; path = ClimbTests.swift; sourceTree = "<group>"; };
		A2C65C6A298AA90200CEB479 /* ClimbUITests.xctest */ = {isa = PBXFileReference; explicitFileType = wrapper.cfbundle; includeInIndex = 0; path = ClimbUITests.xctest; sourceTree = BUILT_PRODUCTS_DIR; };
		A2C65C6E298AA90200CEB479 /* ClimbUITests.swift */ = {isa = PBXFileReference; lastKnownFileType = sourcecode.swift; path = ClimbUITests.swift; sourceTree = "<group>"; };
		A2C65C70298AA90200CEB479 /* ClimbUITestsLaunchTests.swift */ = {isa = PBXFileReference; lastKnownFileType = sourcecode.swift; path = ClimbUITestsLaunchTests.swift; sourceTree = "<group>"; };
		A2F6ABB029A3D9C900A14A51 /* levelCompleted.swift */ = {isa = PBXFileReference; lastKnownFileType = sourcecode.swift; path = levelCompleted.swift; sourceTree = "<group>"; };
		C6622F22299FCA1A00592947 /* LeaderBoardView.swift */ = {isa = PBXFileReference; fileEncoding = 4; lastKnownFileType = sourcecode.swift; path = LeaderBoardView.swift; sourceTree = "<group>"; };
		C6622F24299FCA2300592947 /* HighScore.swift */ = {isa = PBXFileReference; fileEncoding = 4; lastKnownFileType = sourcecode.swift; path = HighScore.swift; sourceTree = "<group>"; };
/* End PBXFileReference section */

/* Begin PBXFrameworksBuildPhase section */
		A2C65C4D298AA90100CEB479 /* Frameworks */ = {
			isa = PBXFrameworksBuildPhase;
			buildActionMask = 2147483647;
			files = (
			);
			runOnlyForDeploymentPostprocessing = 0;
		};
		A2C65C5D298AA90200CEB479 /* Frameworks */ = {
			isa = PBXFrameworksBuildPhase;
			buildActionMask = 2147483647;
			files = (
			);
			runOnlyForDeploymentPostprocessing = 0;
		};
		A2C65C67298AA90200CEB479 /* Frameworks */ = {
			isa = PBXFrameworksBuildPhase;
			buildActionMask = 2147483647;
			files = (
			);
			runOnlyForDeploymentPostprocessing = 0;
		};
/* End PBXFrameworksBuildPhase section */

/* Begin PBXGroup section */
		A2C65C47298AA90100CEB479 = {
			isa = PBXGroup;
			children = (
				A2C65C52298AA90100CEB479 /* Climb */,
				A2C65C63298AA90200CEB479 /* ClimbTests */,
				A2C65C6D298AA90200CEB479 /* ClimbUITests */,
				A2C65C51298AA90100CEB479 /* Products */,
			);
			sourceTree = "<group>";
		};
		A2C65C51298AA90100CEB479 /* Products */ = {
			isa = PBXGroup;
			children = (
				A2C65C50298AA90100CEB479 /* Climb.app */,
				A2C65C60298AA90200CEB479 /* ClimbTests.xctest */,
				A2C65C6A298AA90200CEB479 /* ClimbUITests.xctest */,
			);
			name = Products;
			sourceTree = "<group>";
		};
		A2C65C52298AA90100CEB479 /* Climb */ = {
			isa = PBXGroup;
			children = (
				47003B2C299BBFCE00577725 /* MainMenu.swift */,
				A2C65C53298AA90100CEB479 /* ClimbApp.swift */,
				A2C65C55298AA90100CEB479 /* ContentView.swift */,
				A2F6ABB029A3D9C900A14A51 /* levelCompleted.swift */,
				A207E9962994062100CBBBEE /* Game.swift */,
				A207E9982994068000CBBBEE /* Button.swift */,
				A207E99A299406A800CBBBEE /* Pause Menu.swift */,
				A207E99E299406DF00CBBBEE /* endGameMenu.swift */,
				C6622F22299FCA1A00592947 /* LeaderBoardView.swift */,
				C6622F24299FCA2300592947 /* HighScore.swift */,
				A2C65C57298AA90200CEB479 /* Assets.xcassets */,
				A2C65C59298AA90200CEB479 /* Preview Content */,
			);
			path = Climb;
			sourceTree = "<group>";
		};
		A2C65C59298AA90200CEB479 /* Preview Content */ = {
			isa = PBXGroup;
			children = (
				A2C65C5A298AA90200CEB479 /* Preview Assets.xcassets */,
			);
			path = "Preview Content";
			sourceTree = "<group>";
		};
		A2C65C63298AA90200CEB479 /* ClimbTests */ = {
			isa = PBXGroup;
			children = (
				A2C65C64298AA90200CEB479 /* ClimbTests.swift */,
			);
			path = ClimbTests;
			sourceTree = "<group>";
		};
		A2C65C6D298AA90200CEB479 /* ClimbUITests */ = {
			isa = PBXGroup;
			children = (
				A2C65C6E298AA90200CEB479 /* ClimbUITests.swift */,
				A2C65C70298AA90200CEB479 /* ClimbUITestsLaunchTests.swift */,
			);
			path = ClimbUITests;
			sourceTree = "<group>";
		};
/* End PBXGroup section */

/* Begin PBXNativeTarget section */
		A2C65C4F298AA90100CEB479 /* Climb */ = {
			isa = PBXNativeTarget;
			buildConfigurationList = A2C65C74298AA90200CEB479 /* Build configuration list for PBXNativeTarget "Climb" */;
			buildPhases = (
				A2C65C4C298AA90100CEB479 /* Sources */,
				A2C65C4D298AA90100CEB479 /* Frameworks */,
				A2C65C4E298AA90100CEB479 /* Resources */,
				A2F1945129C369700097E21A /* ShellScript */,
			);
			buildRules = (
			);
			dependencies = (
			);
			name = Climb;
			productName = Climb;
			productReference = A2C65C50298AA90100CEB479 /* Climb.app */;
			productType = "com.apple.product-type.application";
		};
		A2C65C5F298AA90200CEB479 /* ClimbTests */ = {
			isa = PBXNativeTarget;
			buildConfigurationList = A2C65C77298AA90200CEB479 /* Build configuration list for PBXNativeTarget "ClimbTests" */;
			buildPhases = (
				A2C65C5C298AA90200CEB479 /* Sources */,
				A2C65C5D298AA90200CEB479 /* Frameworks */,
				A2C65C5E298AA90200CEB479 /* Resources */,
			);
			buildRules = (
			);
			dependencies = (
				A2C65C62298AA90200CEB479 /* PBXTargetDependency */,
			);
			name = ClimbTests;
			productName = ClimbTests;
			productReference = A2C65C60298AA90200CEB479 /* ClimbTests.xctest */;
			productType = "com.apple.product-type.bundle.unit-test";
		};
		A2C65C69298AA90200CEB479 /* ClimbUITests */ = {
			isa = PBXNativeTarget;
			buildConfigurationList = A2C65C7A298AA90200CEB479 /* Build configuration list for PBXNativeTarget "ClimbUITests" */;
			buildPhases = (
				A2C65C66298AA90200CEB479 /* Sources */,
				A2C65C67298AA90200CEB479 /* Frameworks */,
				A2C65C68298AA90200CEB479 /* Resources */,
			);
			buildRules = (
			);
			dependencies = (
				A2C65C6C298AA90200CEB479 /* PBXTargetDependency */,
			);
			name = ClimbUITests;
			productName = ClimbUITests;
			productReference = A2C65C6A298AA90200CEB479 /* ClimbUITests.xctest */;
			productType = "com.apple.product-type.bundle.ui-testing";
		};
/* End PBXNativeTarget section */

/* Begin PBXProject section */
		A2C65C48298AA90100CEB479 /* Project object */ = {
			isa = PBXProject;
			attributes = {
				BuildIndependentTargetsInParallel = 1;
				LastSwiftUpdateCheck = 1420;
				LastUpgradeCheck = 1420;
				TargetAttributes = {
					A2C65C4F298AA90100CEB479 = {
						CreatedOnToolsVersion = 14.2;
					};
					A2C65C5F298AA90200CEB479 = {
						CreatedOnToolsVersion = 14.2;
						TestTargetID = A2C65C4F298AA90100CEB479;
					};
					A2C65C69298AA90200CEB479 = {
						CreatedOnToolsVersion = 14.2;
						TestTargetID = A2C65C4F298AA90100CEB479;
					};
				};
			};
			buildConfigurationList = A2C65C4B298AA90100CEB479 /* Build configuration list for PBXProject "Climb" */;
			compatibilityVersion = "Xcode 14.0";
			developmentRegion = en;
			hasScannedForEncodings = 0;
			knownRegions = (
				en,
				Base,
			);
			mainGroup = A2C65C47298AA90100CEB479;
			productRefGroup = A2C65C51298AA90100CEB479 /* Products */;
			projectDirPath = "";
			projectRoot = "";
			targets = (
				A2C65C4F298AA90100CEB479 /* Climb */,
				A2C65C5F298AA90200CEB479 /* ClimbTests */,
				A2C65C69298AA90200CEB479 /* ClimbUITests */,
			);
		};
/* End PBXProject section */

/* Begin PBXResourcesBuildPhase section */
		A2C65C4E298AA90100CEB479 /* Resources */ = {
			isa = PBXResourcesBuildPhase;
			buildActionMask = 2147483647;
			files = (
				A2C65C5B298AA90200CEB479 /* Preview Assets.xcassets in Resources */,
				A2C65C58298AA90200CEB479 /* Assets.xcassets in Resources */,
			);
			runOnlyForDeploymentPostprocessing = 0;
		};
		A2C65C5E298AA90200CEB479 /* Resources */ = {
			isa = PBXResourcesBuildPhase;
			buildActionMask = 2147483647;
			files = (
			);
			runOnlyForDeploymentPostprocessing = 0;
		};
		A2C65C68298AA90200CEB479 /* Resources */ = {
			isa = PBXResourcesBuildPhase;
			buildActionMask = 2147483647;
			files = (
			);
			runOnlyForDeploymentPostprocessing = 0;
		};
/* End PBXResourcesBuildPhase section */

/* Begin PBXShellScriptBuildPhase section */
		A2F1945129C369700097E21A /* ShellScript */ = {
			isa = PBXShellScriptBuildPhase;
			buildActionMask = 2147483647;
			files = (
			);
			inputFileListPaths = (
			);
			inputPaths = (
			);
			outputFileListPaths = (
			);
			outputPaths = (
			);
			runOnlyForDeploymentPostprocessing = 0;
			shellPath = /bin/sh;
			shellScript = "# Type a script or drag a script file from your workspace to insert its path.\nexport PATH=\"$PATH:/opt/homebrew/bin\"\nif which swiftlint > /dev/null; then\n  swiftlint\nelse\n  echo \"warning: SwiftLint not installed, download from https://github.com/realm/SwiftLint\"\nfi\n";
		};
/* End PBXShellScriptBuildPhase section */

/* Begin PBXSourcesBuildPhase section */
		A2C65C4C298AA90100CEB479 /* Sources */ = {
			isa = PBXSourcesBuildPhase;
			buildActionMask = 2147483647;
			files = (
				A207E9992994068000CBBBEE /* Button.swift in Sources */,
				A2C65C56298AA90100CEB479 /* ContentView.swift in Sources */,
				47003B2D299BBFCE00577725 /* MainMenu.swift in Sources */,
				C6622F25299FCA2300592947 /* HighScore.swift in Sources */,
				C6622F23299FCA1A00592947 /* LeaderBoardView.swift in Sources */,
				A207E99B299406A800CBBBEE /* Pause Menu.swift in Sources */,
				A2F6ABB129A3D9C900A14A51 /* levelCompleted.swift in Sources */,
				A207E9972994062100CBBBEE /* Game.swift in Sources */,
				A207E99F299406DF00CBBBEE /* endGameMenu.swift in Sources */,
				A2C65C54298AA90100CEB479 /* ClimbApp.swift in Sources */,
			);
			runOnlyForDeploymentPostprocessing = 0;
		};
		A2C65C5C298AA90200CEB479 /* Sources */ = {
			isa = PBXSourcesBuildPhase;
			buildActionMask = 2147483647;
			files = (
				A2C65C65298AA90200CEB479 /* ClimbTests.swift in Sources */,
			);
			runOnlyForDeploymentPostprocessing = 0;
		};
		A2C65C66298AA90200CEB479 /* Sources */ = {
			isa = PBXSourcesBuildPhase;
			buildActionMask = 2147483647;
			files = (
				A2C65C71298AA90200CEB479 /* ClimbUITestsLaunchTests.swift in Sources */,
				A2C65C6F298AA90200CEB479 /* ClimbUITests.swift in Sources */,
			);
			runOnlyForDeploymentPostprocessing = 0;
		};
/* End PBXSourcesBuildPhase section */

/* Begin PBXTargetDependency section */
		A2C65C62298AA90200CEB479 /* PBXTargetDependency */ = {
			isa = PBXTargetDependency;
			target = A2C65C4F298AA90100CEB479 /* Climb */;
			targetProxy = A2C65C61298AA90200CEB479 /* PBXContainerItemProxy */;
		};
		A2C65C6C298AA90200CEB479 /* PBXTargetDependency */ = {
			isa = PBXTargetDependency;
			target = A2C65C4F298AA90100CEB479 /* Climb */;
			targetProxy = A2C65C6B298AA90200CEB479 /* PBXContainerItemProxy */;
		};
/* End PBXTargetDependency section */

/* Begin XCBuildConfiguration section */
		A2C65C72298AA90200CEB479 /* Debug */ = {
			isa = XCBuildConfiguration;
			buildSettings = {
				ALWAYS_SEARCH_USER_PATHS = NO;
				CLANG_ANALYZER_NONNULL = YES;
				CLANG_ANALYZER_NUMBER_OBJECT_CONVERSION = YES_AGGRESSIVE;
				CLANG_CXX_LANGUAGE_STANDARD = "gnu++20";
				CLANG_ENABLE_MODULES = YES;
				CLANG_ENABLE_OBJC_ARC = YES;
				CLANG_ENABLE_OBJC_WEAK = YES;
				CLANG_WARN_BLOCK_CAPTURE_AUTORELEASING = YES;
				CLANG_WARN_BOOL_CONVERSION = YES;
				CLANG_WARN_COMMA = YES;
				CLANG_WARN_CONSTANT_CONVERSION = YES;
				CLANG_WARN_DEPRECATED_OBJC_IMPLEMENTATIONS = YES;
				CLANG_WARN_DIRECT_OBJC_ISA_USAGE = YES_ERROR;
				CLANG_WARN_DOCUMENTATION_COMMENTS = YES;
				CLANG_WARN_EMPTY_BODY = YES;
				CLANG_WARN_ENUM_CONVERSION = YES;
				CLANG_WARN_INFINITE_RECURSION = YES;
				CLANG_WARN_INT_CONVERSION = YES;
				CLANG_WARN_NON_LITERAL_NULL_CONVERSION = YES;
				CLANG_WARN_OBJC_IMPLICIT_RETAIN_SELF = YES;
				CLANG_WARN_OBJC_LITERAL_CONVERSION = YES;
				CLANG_WARN_OBJC_ROOT_CLASS = YES_ERROR;
				CLANG_WARN_QUOTED_INCLUDE_IN_FRAMEWORK_HEADER = YES;
				CLANG_WARN_RANGE_LOOP_ANALYSIS = YES;
				CLANG_WARN_STRICT_PROTOTYPES = YES;
				CLANG_WARN_SUSPICIOUS_MOVE = YES;
				CLANG_WARN_UNGUARDED_AVAILABILITY = YES_AGGRESSIVE;
				CLANG_WARN_UNREACHABLE_CODE = YES;
				CLANG_WARN__DUPLICATE_METHOD_MATCH = YES;
				COPY_PHASE_STRIP = NO;
				DEBUG_INFORMATION_FORMAT = dwarf;
				ENABLE_STRICT_OBJC_MSGSEND = YES;
				ENABLE_TESTABILITY = YES;
				GCC_C_LANGUAGE_STANDARD = gnu11;
				GCC_DYNAMIC_NO_PIC = NO;
				GCC_NO_COMMON_BLOCKS = YES;
				GCC_OPTIMIZATION_LEVEL = 0;
				GCC_PREPROCESSOR_DEFINITIONS = (
					"DEBUG=1",
					"$(inherited)",
				);
				GCC_WARN_64_TO_32_BIT_CONVERSION = YES;
				GCC_WARN_ABOUT_RETURN_TYPE = YES_ERROR;
				GCC_WARN_UNDECLARED_SELECTOR = YES;
				GCC_WARN_UNINITIALIZED_AUTOS = YES_AGGRESSIVE;
				GCC_WARN_UNUSED_FUNCTION = YES;
				GCC_WARN_UNUSED_VARIABLE = YES;
				IPHONEOS_DEPLOYMENT_TARGET = 16.2;
				MTL_ENABLE_DEBUG_INFO = INCLUDE_SOURCE;
				MTL_FAST_MATH = YES;
				ONLY_ACTIVE_ARCH = YES;
				SDKROOT = iphoneos;
				SWIFT_ACTIVE_COMPILATION_CONDITIONS = DEBUG;
				SWIFT_OPTIMIZATION_LEVEL = "-Onone";
			};
			name = Debug;
		};
		A2C65C73298AA90200CEB479 /* Release */ = {
			isa = XCBuildConfiguration;
			buildSettings = {
				ALWAYS_SEARCH_USER_PATHS = NO;
				CLANG_ANALYZER_NONNULL = YES;
				CLANG_ANALYZER_NUMBER_OBJECT_CONVERSION = YES_AGGRESSIVE;
				CLANG_CXX_LANGUAGE_STANDARD = "gnu++20";
				CLANG_ENABLE_MODULES = YES;
				CLANG_ENABLE_OBJC_ARC = YES;
				CLANG_ENABLE_OBJC_WEAK = YES;
				CLANG_WARN_BLOCK_CAPTURE_AUTORELEASING = YES;
				CLANG_WARN_BOOL_CONVERSION = YES;
				CLANG_WARN_COMMA = YES;
				CLANG_WARN_CONSTANT_CONVERSION = YES;
				CLANG_WARN_DEPRECATED_OBJC_IMPLEMENTATIONS = YES;
				CLANG_WARN_DIRECT_OBJC_ISA_USAGE = YES_ERROR;
				CLANG_WARN_DOCUMENTATION_COMMENTS = YES;
				CLANG_WARN_EMPTY_BODY = YES;
				CLANG_WARN_ENUM_CONVERSION = YES;
				CLANG_WARN_INFINITE_RECURSION = YES;
				CLANG_WARN_INT_CONVERSION = YES;
				CLANG_WARN_NON_LITERAL_NULL_CONVERSION = YES;
				CLANG_WARN_OBJC_IMPLICIT_RETAIN_SELF = YES;
				CLANG_WARN_OBJC_LITERAL_CONVERSION = YES;
				CLANG_WARN_OBJC_ROOT_CLASS = YES_ERROR;
				CLANG_WARN_QUOTED_INCLUDE_IN_FRAMEWORK_HEADER = YES;
				CLANG_WARN_RANGE_LOOP_ANALYSIS = YES;
				CLANG_WARN_STRICT_PROTOTYPES = YES;
				CLANG_WARN_SUSPICIOUS_MOVE = YES;
				CLANG_WARN_UNGUARDED_AVAILABILITY = YES_AGGRESSIVE;
				CLANG_WARN_UNREACHABLE_CODE = YES;
				CLANG_WARN__DUPLICATE_METHOD_MATCH = YES;
				COPY_PHASE_STRIP = NO;
				DEBUG_INFORMATION_FORMAT = "dwarf-with-dsym";
				ENABLE_NS_ASSERTIONS = NO;
				ENABLE_STRICT_OBJC_MSGSEND = YES;
				GCC_C_LANGUAGE_STANDARD = gnu11;
				GCC_NO_COMMON_BLOCKS = YES;
				GCC_WARN_64_TO_32_BIT_CONVERSION = YES;
				GCC_WARN_ABOUT_RETURN_TYPE = YES_ERROR;
				GCC_WARN_UNDECLARED_SELECTOR = YES;
				GCC_WARN_UNINITIALIZED_AUTOS = YES_AGGRESSIVE;
				GCC_WARN_UNUSED_FUNCTION = YES;
				GCC_WARN_UNUSED_VARIABLE = YES;
				IPHONEOS_DEPLOYMENT_TARGET = 16.2;
				MTL_ENABLE_DEBUG_INFO = NO;
				MTL_FAST_MATH = YES;
				SDKROOT = iphoneos;
				SWIFT_COMPILATION_MODE = wholemodule;
				SWIFT_OPTIMIZATION_LEVEL = "-O";
				VALIDATE_PRODUCT = YES;
			};
			name = Release;
		};
		A2C65C75298AA90200CEB479 /* Debug */ = {
			isa = XCBuildConfiguration;
			buildSettings = {
				ASSETCATALOG_COMPILER_APPICON_NAME = AppIcon;
				ASSETCATALOG_COMPILER_GLOBAL_ACCENT_COLOR_NAME = AccentColor;
				CODE_SIGN_STYLE = Automatic;
				CURRENT_PROJECT_VERSION = 4;
				DEVELOPMENT_ASSET_PATHS = "\"Climb/Preview Content\"";
				DEVELOPMENT_TEAM = 895F6NWJ4A;
				ENABLE_PREVIEWS = YES;
				GENERATE_INFOPLIST_FILE = YES;
				INFOPLIST_KEY_UIApplicationSceneManifest_Generation = YES;
				INFOPLIST_KEY_UIApplicationSupportsIndirectInputEvents = YES;
				INFOPLIST_KEY_UILaunchScreen_Generation = YES;
				INFOPLIST_KEY_UISupportedInterfaceOrientations_iPad = UIInterfaceOrientationPortrait;
				INFOPLIST_KEY_UISupportedInterfaceOrientations_iPhone = UIInterfaceOrientationPortrait;
				LD_RUNPATH_SEARCH_PATHS = (
					"$(inherited)",
					"@executable_path/Frameworks",
				);
				MARKETING_VERSION = 0.1.0;
				PRODUCT_BUNDLE_IDENTIFIER = m.Climb;
				PRODUCT_NAME = "$(TARGET_NAME)";
				SUPPORTED_PLATFORMS = "iphoneos iphonesimulator";
				SUPPORTS_MACCATALYST = NO;
				SUPPORTS_MAC_DESIGNED_FOR_IPHONE_IPAD = NO;
				SWIFT_EMIT_LOC_STRINGS = YES;
				SWIFT_VERSION = 5.0;
				TARGETED_DEVICE_FAMILY = 1;
			};
			name = Debug;
		};
		A2C65C76298AA90200CEB479 /* Release */ = {
			isa = XCBuildConfiguration;
			buildSettings = {
				ASSETCATALOG_COMPILER_APPICON_NAME = AppIcon;
				ASSETCATALOG_COMPILER_GLOBAL_ACCENT_COLOR_NAME = AccentColor;
				CODE_SIGN_STYLE = Automatic;
				CURRENT_PROJECT_VERSION = 4;
				DEVELOPMENT_ASSET_PATHS = "\"Climb/Preview Content\"";
				DEVELOPMENT_TEAM = 895F6NWJ4A;
				ENABLE_PREVIEWS = YES;
				GENERATE_INFOPLIST_FILE = YES;
				INFOPLIST_KEY_UIApplicationSceneManifest_Generation = YES;
				INFOPLIST_KEY_UIApplicationSupportsIndirectInputEvents = YES;
				INFOPLIST_KEY_UILaunchScreen_Generation = YES;
				INFOPLIST_KEY_UISupportedInterfaceOrientations_iPad = UIInterfaceOrientationPortrait;
				INFOPLIST_KEY_UISupportedInterfaceOrientations_iPhone = "UIInterfaceOrientationPortrait UIInterfaceOrientationLandscapeLeft UIInterfaceOrientationLandscapeRight";
				LD_RUNPATH_SEARCH_PATHS = (
					"$(inherited)",
					"@executable_path/Frameworks",
				);
				MARKETING_VERSION = 0.1.0;
				PRODUCT_BUNDLE_IDENTIFIER = m.Climb;
				PRODUCT_NAME = "$(TARGET_NAME)";
				SUPPORTED_PLATFORMS = "iphoneos iphonesimulator";
				SUPPORTS_MACCATALYST = NO;
				SUPPORTS_MAC_DESIGNED_FOR_IPHONE_IPAD = NO;
				SWIFT_EMIT_LOC_STRINGS = YES;
				SWIFT_VERSION = 5.0;
				TARGETED_DEVICE_FAMILY = 1;
			};
			name = Release;
		};
		A2C65C78298AA90200CEB479 /* Debug */ = {
			isa = XCBuildConfiguration;
			buildSettings = {
				ALWAYS_EMBED_SWIFT_STANDARD_LIBRARIES = YES;
				BUNDLE_LOADER = "$(TEST_HOST)";
				CODE_SIGN_STYLE = Automatic;
				CURRENT_PROJECT_VERSION = 1;
				GENERATE_INFOPLIST_FILE = YES;
				IPHONEOS_DEPLOYMENT_TARGET = 16.2;
				MARKETING_VERSION = 1.0;
				PRODUCT_BUNDLE_IDENTIFIER = m.ClimbTests;
				PRODUCT_NAME = "$(TARGET_NAME)";
				SWIFT_EMIT_LOC_STRINGS = NO;
				SWIFT_VERSION = 5.0;
				TARGETED_DEVICE_FAMILY = "1,2";
				TEST_HOST = "$(BUILT_PRODUCTS_DIR)/Climb.app/$(BUNDLE_EXECUTABLE_FOLDER_PATH)/Climb";
			};
			name = Debug;
		};
		A2C65C79298AA90200CEB479 /* Release */ = {
			isa = XCBuildConfiguration;
			buildSettings = {
				ALWAYS_EMBED_SWIFT_STANDARD_LIBRARIES = YES;
				BUNDLE_LOADER = "$(TEST_HOST)";
				CODE_SIGN_STYLE = Automatic;
				CURRENT_PROJECT_VERSION = 1;
				GENERATE_INFOPLIST_FILE = YES;
				IPHONEOS_DEPLOYMENT_TARGET = 16.2;
				MARKETING_VERSION = 1.0;
				PRODUCT_BUNDLE_IDENTIFIER = m.ClimbTests;
				PRODUCT_NAME = "$(TARGET_NAME)";
				SWIFT_EMIT_LOC_STRINGS = NO;
				SWIFT_VERSION = 5.0;
				TARGETED_DEVICE_FAMILY = "1,2";
				TEST_HOST = "$(BUILT_PRODUCTS_DIR)/Climb.app/$(BUNDLE_EXECUTABLE_FOLDER_PATH)/Climb";
			};
			name = Release;
		};
		A2C65C7B298AA90200CEB479 /* Debug */ = {
			isa = XCBuildConfiguration;
			buildSettings = {
				ALWAYS_EMBED_SWIFT_STANDARD_LIBRARIES = YES;
				CODE_SIGN_STYLE = Automatic;
				CURRENT_PROJECT_VERSION = 1;
				GENERATE_INFOPLIST_FILE = YES;
				MARKETING_VERSION = 1.0;
				PRODUCT_BUNDLE_IDENTIFIER = m.ClimbUITests;
				PRODUCT_NAME = "$(TARGET_NAME)";
				SWIFT_EMIT_LOC_STRINGS = NO;
				SWIFT_VERSION = 5.0;
				TARGETED_DEVICE_FAMILY = "1,2";
				TEST_TARGET_NAME = Climb;
			};
			name = Debug;
		};
		A2C65C7C298AA90200CEB479 /* Release */ = {
			isa = XCBuildConfiguration;
			buildSettings = {
				ALWAYS_EMBED_SWIFT_STANDARD_LIBRARIES = YES;
				CODE_SIGN_STYLE = Automatic;
				CURRENT_PROJECT_VERSION = 1;
				GENERATE_INFOPLIST_FILE = YES;
				MARKETING_VERSION = 1.0;
				PRODUCT_BUNDLE_IDENTIFIER = m.ClimbUITests;
				PRODUCT_NAME = "$(TARGET_NAME)";
				SWIFT_EMIT_LOC_STRINGS = NO;
				SWIFT_VERSION = 5.0;
				TARGETED_DEVICE_FAMILY = "1,2";
				TEST_TARGET_NAME = Climb;
			};
			name = Release;
		};
/* End XCBuildConfiguration section */

/* Begin XCConfigurationList section */
		A2C65C4B298AA90100CEB479 /* Build configuration list for PBXProject "Climb" */ = {
			isa = XCConfigurationList;
			buildConfigurations = (
				A2C65C72298AA90200CEB479 /* Debug */,
				A2C65C73298AA90200CEB479 /* Release */,
			);
			defaultConfigurationIsVisible = 0;
			defaultConfigurationName = Release;
		};
		A2C65C74298AA90200CEB479 /* Build configuration list for PBXNativeTarget "Climb" */ = {
			isa = XCConfigurationList;
			buildConfigurations = (
				A2C65C75298AA90200CEB479 /* Debug */,
				A2C65C76298AA90200CEB479 /* Release */,
			);
			defaultConfigurationIsVisible = 0;
			defaultConfigurationName = Release;
		};
		A2C65C77298AA90200CEB479 /* Build configuration list for PBXNativeTarget "ClimbTests" */ = {
			isa = XCConfigurationList;
			buildConfigurations = (
				A2C65C78298AA90200CEB479 /* Debug */,
				A2C65C79298AA90200CEB479 /* Release */,
			);
			defaultConfigurationIsVisible = 0;
			defaultConfigurationName = Release;
		};
		A2C65C7A298AA90200CEB479 /* Build configuration list for PBXNativeTarget "ClimbUITests" */ = {
			isa = XCConfigurationList;
			buildConfigurations = (
				A2C65C7B298AA90200CEB479 /* Debug */,
				A2C65C7C298AA90200CEB479 /* Release */,
			);
			defaultConfigurationIsVisible = 0;
			defaultConfigurationName = Release;
		};
/* End XCConfigurationList section */
	};
	rootObject = A2C65C48298AA90100CEB479 /* Project object */;
}
