// !$*UTF8*$!
{
	archiveVersion = 1;
	classes = {
	};
	objectVersion = 56;
	objects = {

/* Begin PBXBuildFile section */
		A2BF0521294245C80062A0EB /* Decision_MakerApp.swift in Sources */ = {isa = PBXBuildFile; fileRef = A2BF0520294245C80062A0EB /* Decision_MakerApp.swift */; };
		A2BF0523294245C80062A0EB /* ContentView.swift in Sources */ = {isa = PBXBuildFile; fileRef = A2BF0522294245C80062A0EB /* ContentView.swift */; };
		A2BF0525294245C90062A0EB /* Assets.xcassets in Resources */ = {isa = PBXBuildFile; fileRef = A2BF0524294245C90062A0EB /* Assets.xcassets */; };
		A2BF0528294245C90062A0EB /* Preview Assets.xcassets in Resources */ = {isa = PBXBuildFile; fileRef = A2BF0527294245C90062A0EB /* Preview Assets.xcassets */; };
		A2BF0532294245C90062A0EB /* Decision_MakerTests.swift in Sources */ = {isa = PBXBuildFile; fileRef = A2BF0531294245C90062A0EB /* Decision_MakerTests.swift */; };
		A2BF053C294245C90062A0EB /* Decision_MakerUITests.swift in Sources */ = {isa = PBXBuildFile; fileRef = A2BF053B294245C90062A0EB /* Decision_MakerUITests.swift */; };
		A2BF053E294245C90062A0EB /* Decision_MakerUITestsLaunchTests.swift in Sources */ = {isa = PBXBuildFile; fileRef = A2BF053D294245C90062A0EB /* Decision_MakerUITestsLaunchTests.swift */; };
/* End PBXBuildFile section */

/* Begin PBXContainerItemProxy section */
		A2BF052E294245C90062A0EB /* PBXContainerItemProxy */ = {
			isa = PBXContainerItemProxy;
			containerPortal = A2BF0515294245C80062A0EB /* Project object */;
			proxyType = 1;
			remoteGlobalIDString = A2BF051C294245C80062A0EB;
			remoteInfo = "Decision Maker";
		};
		A2BF0538294245C90062A0EB /* PBXContainerItemProxy */ = {
			isa = PBXContainerItemProxy;
			containerPortal = A2BF0515294245C80062A0EB /* Project object */;
			proxyType = 1;
			remoteGlobalIDString = A2BF051C294245C80062A0EB;
			remoteInfo = "Decision Maker";
		};
/* End PBXContainerItemProxy section */

/* Begin PBXFileReference section */
		A2BF051D294245C80062A0EB /* Decision Maker.app */ = {isa = PBXFileReference; explicitFileType = wrapper.application; includeInIndex = 0; path = "Decision Maker.app"; sourceTree = BUILT_PRODUCTS_DIR; };
		A2BF0520294245C80062A0EB /* Decision_MakerApp.swift */ = {isa = PBXFileReference; lastKnownFileType = sourcecode.swift; path = Decision_MakerApp.swift; sourceTree = "<group>"; };
		A2BF0522294245C80062A0EB /* ContentView.swift */ = {isa = PBXFileReference; lastKnownFileType = sourcecode.swift; path = ContentView.swift; sourceTree = "<group>"; };
		A2BF0524294245C90062A0EB /* Assets.xcassets */ = {isa = PBXFileReference; lastKnownFileType = folder.assetcatalog; path = Assets.xcassets; sourceTree = "<group>"; };
		A2BF0527294245C90062A0EB /* Preview Assets.xcassets */ = {isa = PBXFileReference; lastKnownFileType = folder.assetcatalog; path = "Preview Assets.xcassets"; sourceTree = "<group>"; };
		A2BF052D294245C90062A0EB /* Decision MakerTests.xctest */ = {isa = PBXFileReference; explicitFileType = wrapper.cfbundle; includeInIndex = 0; path = "Decision MakerTests.xctest"; sourceTree = BUILT_PRODUCTS_DIR; };
		A2BF0531294245C90062A0EB /* Decision_MakerTests.swift */ = {isa = PBXFileReference; lastKnownFileType = sourcecode.swift; path = Decision_MakerTests.swift; sourceTree = "<group>"; };
		A2BF0537294245C90062A0EB /* Decision MakerUITests.xctest */ = {isa = PBXFileReference; explicitFileType = wrapper.cfbundle; includeInIndex = 0; path = "Decision MakerUITests.xctest"; sourceTree = BUILT_PRODUCTS_DIR; };
		A2BF053B294245C90062A0EB /* Decision_MakerUITests.swift */ = {isa = PBXFileReference; lastKnownFileType = sourcecode.swift; path = Decision_MakerUITests.swift; sourceTree = "<group>"; };
		A2BF053D294245C90062A0EB /* Decision_MakerUITestsLaunchTests.swift */ = {isa = PBXFileReference; lastKnownFileType = sourcecode.swift; path = Decision_MakerUITestsLaunchTests.swift; sourceTree = "<group>"; };
/* End PBXFileReference section */

/* Begin PBXFrameworksBuildPhase section */
		A2BF051A294245C80062A0EB /* Frameworks */ = {
			isa = PBXFrameworksBuildPhase;
			buildActionMask = 2147483647;
			files = (
			);
			runOnlyForDeploymentPostprocessing = 0;
		};
		A2BF052A294245C90062A0EB /* Frameworks */ = {
			isa = PBXFrameworksBuildPhase;
			buildActionMask = 2147483647;
			files = (
			);
			runOnlyForDeploymentPostprocessing = 0;
		};
		A2BF0534294245C90062A0EB /* Frameworks */ = {
			isa = PBXFrameworksBuildPhase;
			buildActionMask = 2147483647;
			files = (
			);
			runOnlyForDeploymentPostprocessing = 0;
		};
/* End PBXFrameworksBuildPhase section */

/* Begin PBXGroup section */
		A2BF0514294245C80062A0EB = {
			isa = PBXGroup;
			children = (
				A2BF051F294245C80062A0EB /* Decision Maker */,
				A2BF0530294245C90062A0EB /* Decision MakerTests */,
				A2BF053A294245C90062A0EB /* Decision MakerUITests */,
				A2BF051E294245C80062A0EB /* Products */,
			);
			sourceTree = "<group>";
		};
		A2BF051E294245C80062A0EB /* Products */ = {
			isa = PBXGroup;
			children = (
				A2BF051D294245C80062A0EB /* Decision Maker.app */,
				A2BF052D294245C90062A0EB /* Decision MakerTests.xctest */,
				A2BF0537294245C90062A0EB /* Decision MakerUITests.xctest */,
			);
			name = Products;
			sourceTree = "<group>";
		};
		A2BF051F294245C80062A0EB /* Decision Maker */ = {
			isa = PBXGroup;
			children = (
				A2BF0520294245C80062A0EB /* Decision_MakerApp.swift */,
				A2BF0522294245C80062A0EB /* ContentView.swift */,
				A2BF0524294245C90062A0EB /* Assets.xcassets */,
				A2BF0526294245C90062A0EB /* Preview Content */,
			);
			path = "Decision Maker";
			sourceTree = "<group>";
		};
		A2BF0526294245C90062A0EB /* Preview Content */ = {
			isa = PBXGroup;
			children = (
				A2BF0527294245C90062A0EB /* Preview Assets.xcassets */,
			);
			path = "Preview Content";
			sourceTree = "<group>";
		};
		A2BF0530294245C90062A0EB /* Decision MakerTests */ = {
			isa = PBXGroup;
			children = (
				A2BF0531294245C90062A0EB /* Decision_MakerTests.swift */,
			);
			path = "Decision MakerTests";
			sourceTree = "<group>";
		};
		A2BF053A294245C90062A0EB /* Decision MakerUITests */ = {
			isa = PBXGroup;
			children = (
				A2BF053B294245C90062A0EB /* Decision_MakerUITests.swift */,
				A2BF053D294245C90062A0EB /* Decision_MakerUITestsLaunchTests.swift */,
			);
			path = "Decision MakerUITests";
			sourceTree = "<group>";
		};
/* End PBXGroup section */

/* Begin PBXNativeTarget section */
		A2BF051C294245C80062A0EB /* Decision Maker */ = {
			isa = PBXNativeTarget;
			buildConfigurationList = A2BF0541294245C90062A0EB /* Build configuration list for PBXNativeTarget "Decision Maker" */;
			buildPhases = (
				A2BF0519294245C80062A0EB /* Sources */,
				A2BF051A294245C80062A0EB /* Frameworks */,
				A2BF051B294245C80062A0EB /* Resources */,
			);
			buildRules = (
			);
			dependencies = (
			);
			name = "Decision Maker";
			productName = "Decision Maker";
			productReference = A2BF051D294245C80062A0EB /* Decision Maker.app */;
			productType = "com.apple.product-type.application";
		};
		A2BF052C294245C90062A0EB /* Decision MakerTests */ = {
			isa = PBXNativeTarget;
			buildConfigurationList = A2BF0544294245C90062A0EB /* Build configuration list for PBXNativeTarget "Decision MakerTests" */;
			buildPhases = (
				A2BF0529294245C90062A0EB /* Sources */,
				A2BF052A294245C90062A0EB /* Frameworks */,
				A2BF052B294245C90062A0EB /* Resources */,
			);
			buildRules = (
			);
			dependencies = (
				A2BF052F294245C90062A0EB /* PBXTargetDependency */,
			);
			name = "Decision MakerTests";
			productName = "Decision MakerTests";
			productReference = A2BF052D294245C90062A0EB /* Decision MakerTests.xctest */;
			productType = "com.apple.product-type.bundle.unit-test";
		};
		A2BF0536294245C90062A0EB /* Decision MakerUITests */ = {
			isa = PBXNativeTarget;
			buildConfigurationList = A2BF0547294245C90062A0EB /* Build configuration list for PBXNativeTarget "Decision MakerUITests" */;
			buildPhases = (
				A2BF0533294245C90062A0EB /* Sources */,
				A2BF0534294245C90062A0EB /* Frameworks */,
				A2BF0535294245C90062A0EB /* Resources */,
			);
			buildRules = (
			);
			dependencies = (
				A2BF0539294245C90062A0EB /* PBXTargetDependency */,
			);
			name = "Decision MakerUITests";
			productName = "Decision MakerUITests";
			productReference = A2BF0537294245C90062A0EB /* Decision MakerUITests.xctest */;
			productType = "com.apple.product-type.bundle.ui-testing";
		};
/* End PBXNativeTarget section */

/* Begin PBXProject section */
		A2BF0515294245C80062A0EB /* Project object */ = {
			isa = PBXProject;
			attributes = {
				BuildIndependentTargetsInParallel = 1;
				LastSwiftUpdateCheck = 1410;
				LastUpgradeCheck = 1410;
				TargetAttributes = {
					A2BF051C294245C80062A0EB = {
						CreatedOnToolsVersion = 14.1;
					};
					A2BF052C294245C90062A0EB = {
						CreatedOnToolsVersion = 14.1;
						TestTargetID = A2BF051C294245C80062A0EB;
					};
					A2BF0536294245C90062A0EB = {
						CreatedOnToolsVersion = 14.1;
						TestTargetID = A2BF051C294245C80062A0EB;
					};
				};
			};
			buildConfigurationList = A2BF0518294245C80062A0EB /* Build configuration list for PBXProject "Decision Maker" */;
			compatibilityVersion = "Xcode 14.0";
			developmentRegion = en;
			hasScannedForEncodings = 0;
			knownRegions = (
				en,
				Base,
			);
			mainGroup = A2BF0514294245C80062A0EB;
			productRefGroup = A2BF051E294245C80062A0EB /* Products */;
			projectDirPath = "";
			projectRoot = "";
			targets = (
				A2BF051C294245C80062A0EB /* Decision Maker */,
				A2BF052C294245C90062A0EB /* Decision MakerTests */,
				A2BF0536294245C90062A0EB /* Decision MakerUITests */,
			);
		};
/* End PBXProject section */

/* Begin PBXResourcesBuildPhase section */
		A2BF051B294245C80062A0EB /* Resources */ = {
			isa = PBXResourcesBuildPhase;
			buildActionMask = 2147483647;
			files = (
				A2BF0528294245C90062A0EB /* Preview Assets.xcassets in Resources */,
				A2BF0525294245C90062A0EB /* Assets.xcassets in Resources */,
			);
			runOnlyForDeploymentPostprocessing = 0;
		};
		A2BF052B294245C90062A0EB /* Resources */ = {
			isa = PBXResourcesBuildPhase;
			buildActionMask = 2147483647;
			files = (
			);
			runOnlyForDeploymentPostprocessing = 0;
		};
		A2BF0535294245C90062A0EB /* Resources */ = {
			isa = PBXResourcesBuildPhase;
			buildActionMask = 2147483647;
			files = (
			);
			runOnlyForDeploymentPostprocessing = 0;
		};
/* End PBXResourcesBuildPhase section */

/* Begin PBXSourcesBuildPhase section */
		A2BF0519294245C80062A0EB /* Sources */ = {
			isa = PBXSourcesBuildPhase;
			buildActionMask = 2147483647;
			files = (
				A2BF0523294245C80062A0EB /* ContentView.swift in Sources */,
				A2BF0521294245C80062A0EB /* Decision_MakerApp.swift in Sources */,
			);
			runOnlyForDeploymentPostprocessing = 0;
		};
		A2BF0529294245C90062A0EB /* Sources */ = {
			isa = PBXSourcesBuildPhase;
			buildActionMask = 2147483647;
			files = (
				A2BF0532294245C90062A0EB /* Decision_MakerTests.swift in Sources */,
			);
			runOnlyForDeploymentPostprocessing = 0;
		};
		A2BF0533294245C90062A0EB /* Sources */ = {
			isa = PBXSourcesBuildPhase;
			buildActionMask = 2147483647;
			files = (
				A2BF053C294245C90062A0EB /* Decision_MakerUITests.swift in Sources */,
				A2BF053E294245C90062A0EB /* Decision_MakerUITestsLaunchTests.swift in Sources */,
			);
			runOnlyForDeploymentPostprocessing = 0;
		};
/* End PBXSourcesBuildPhase section */

/* Begin PBXTargetDependency section */
		A2BF052F294245C90062A0EB /* PBXTargetDependency */ = {
			isa = PBXTargetDependency;
			target = A2BF051C294245C80062A0EB /* Decision Maker */;
			targetProxy = A2BF052E294245C90062A0EB /* PBXContainerItemProxy */;
		};
		A2BF0539294245C90062A0EB /* PBXTargetDependency */ = {
			isa = PBXTargetDependency;
			target = A2BF051C294245C80062A0EB /* Decision Maker */;
			targetProxy = A2BF0538294245C90062A0EB /* PBXContainerItemProxy */;
		};
/* End PBXTargetDependency section */

/* Begin XCBuildConfiguration section */
		A2BF053F294245C90062A0EB /* Debug */ = {
			isa = XCBuildConfiguration;
			buildSettings = {
				ALWAYS_SEARCH_USER_PATHS = NO;
				CLANG_ANALYZER_NONNULL = YES;
				CLANG_ANALYZER_NUMBER_OBJECT_CONVERSION = YES_AGGRESSIVE;
				CLANG_CXX_LANGUAGE_STANDARD = "gnu++20";
				CLANG_ENABLE_MODULES = YES;
				CLANG_ENABLE_OBJC_ARC = YES;
				CLANG_ENABLE_OBJC_WEAK = YES;
				CLANG_WARN_BLOCK_CAPTURE_AUTORELEASING = YES;
				CLANG_WARN_BOOL_CONVERSION = YES;
				CLANG_WARN_COMMA = YES;
				CLANG_WARN_CONSTANT_CONVERSION = YES;
				CLANG_WARN_DEPRECATED_OBJC_IMPLEMENTATIONS = YES;
				CLANG_WARN_DIRECT_OBJC_ISA_USAGE = YES_ERROR;
				CLANG_WARN_DOCUMENTATION_COMMENTS = YES;
				CLANG_WARN_EMPTY_BODY = YES;
				CLANG_WARN_ENUM_CONVERSION = YES;
				CLANG_WARN_INFINITE_RECURSION = YES;
				CLANG_WARN_INT_CONVERSION = YES;
				CLANG_WARN_NON_LITERAL_NULL_CONVERSION = YES;
				CLANG_WARN_OBJC_IMPLICIT_RETAIN_SELF = YES;
				CLANG_WARN_OBJC_LITERAL_CONVERSION = YES;
				CLANG_WARN_OBJC_ROOT_CLASS = YES_ERROR;
				CLANG_WARN_QUOTED_INCLUDE_IN_FRAMEWORK_HEADER = YES;
				CLANG_WARN_RANGE_LOOP_ANALYSIS = YES;
				CLANG_WARN_STRICT_PROTOTYPES = YES;
				CLANG_WARN_SUSPICIOUS_MOVE = YES;
				CLANG_WARN_UNGUARDED_AVAILABILITY = YES_AGGRESSIVE;
				CLANG_WARN_UNREACHABLE_CODE = YES;
				CLANG_WARN__DUPLICATE_METHOD_MATCH = YES;
				COPY_PHASE_STRIP = NO;
				DEBUG_INFORMATION_FORMAT = dwarf;
				ENABLE_STRICT_OBJC_MSGSEND = YES;
				ENABLE_TESTABILITY = YES;
				GCC_C_LANGUAGE_STANDARD = gnu11;
				GCC_DYNAMIC_NO_PIC = NO;
				GCC_NO_COMMON_BLOCKS = YES;
				GCC_OPTIMIZATION_LEVEL = 0;
				GCC_PREPROCESSOR_DEFINITIONS = (
					"DEBUG=1",
					"$(inherited)",
				);
				GCC_WARN_64_TO_32_BIT_CONVERSION = YES;
				GCC_WARN_ABOUT_RETURN_TYPE = YES_ERROR;
				GCC_WARN_UNDECLARED_SELECTOR = YES;
				GCC_WARN_UNINITIALIZED_AUTOS = YES_AGGRESSIVE;
				GCC_WARN_UNUSED_FUNCTION = YES;
				GCC_WARN_UNUSED_VARIABLE = YES;
				IPHONEOS_DEPLOYMENT_TARGET = 16.1;
				MTL_ENABLE_DEBUG_INFO = INCLUDE_SOURCE;
				MTL_FAST_MATH = YES;
				ONLY_ACTIVE_ARCH = YES;
				SDKROOT = iphoneos;
				SWIFT_ACTIVE_COMPILATION_CONDITIONS = DEBUG;
				SWIFT_OPTIMIZATION_LEVEL = "-Onone";
			};
			name = Debug;
		};
		A2BF0540294245C90062A0EB /* Release */ = {
			isa = XCBuildConfiguration;
			buildSettings = {
				ALWAYS_SEARCH_USER_PATHS = NO;
				CLANG_ANALYZER_NONNULL = YES;
				CLANG_ANALYZER_NUMBER_OBJECT_CONVERSION = YES_AGGRESSIVE;
				CLANG_CXX_LANGUAGE_STANDARD = "gnu++20";
				CLANG_ENABLE_MODULES = YES;
				CLANG_ENABLE_OBJC_ARC = YES;
				CLANG_ENABLE_OBJC_WEAK = YES;
				CLANG_WARN_BLOCK_CAPTURE_AUTORELEASING = YES;
				CLANG_WARN_BOOL_CONVERSION = YES;
				CLANG_WARN_COMMA = YES;
				CLANG_WARN_CONSTANT_CONVERSION = YES;
				CLANG_WARN_DEPRECATED_OBJC_IMPLEMENTATIONS = YES;
				CLANG_WARN_DIRECT_OBJC_ISA_USAGE = YES_ERROR;
				CLANG_WARN_DOCUMENTATION_COMMENTS = YES;
				CLANG_WARN_EMPTY_BODY = YES;
				CLANG_WARN_ENUM_CONVERSION = YES;
				CLANG_WARN_INFINITE_RECURSION = YES;
				CLANG_WARN_INT_CONVERSION = YES;
				CLANG_WARN_NON_LITERAL_NULL_CONVERSION = YES;
				CLANG_WARN_OBJC_IMPLICIT_RETAIN_SELF = YES;
				CLANG_WARN_OBJC_LITERAL_CONVERSION = YES;
				CLANG_WARN_OBJC_ROOT_CLASS = YES_ERROR;
				CLANG_WARN_QUOTED_INCLUDE_IN_FRAMEWORK_HEADER = YES;
				CLANG_WARN_RANGE_LOOP_ANALYSIS = YES;
				CLANG_WARN_STRICT_PROTOTYPES = YES;
				CLANG_WARN_SUSPICIOUS_MOVE = YES;
				CLANG_WARN_UNGUARDED_AVAILABILITY = YES_AGGRESSIVE;
				CLANG_WARN_UNREACHABLE_CODE = YES;
				CLANG_WARN__DUPLICATE_METHOD_MATCH = YES;
				COPY_PHASE_STRIP = NO;
				DEBUG_INFORMATION_FORMAT = "dwarf-with-dsym";
				ENABLE_NS_ASSERTIONS = NO;
				ENABLE_STRICT_OBJC_MSGSEND = YES;
				GCC_C_LANGUAGE_STANDARD = gnu11;
				GCC_NO_COMMON_BLOCKS = YES;
				GCC_WARN_64_TO_32_BIT_CONVERSION = YES;
				GCC_WARN_ABOUT_RETURN_TYPE = YES_ERROR;
				GCC_WARN_UNDECLARED_SELECTOR = YES;
				GCC_WARN_UNINITIALIZED_AUTOS = YES_AGGRESSIVE;
				GCC_WARN_UNUSED_FUNCTION = YES;
				GCC_WARN_UNUSED_VARIABLE = YES;
				IPHONEOS_DEPLOYMENT_TARGET = 16.1;
				MTL_ENABLE_DEBUG_INFO = NO;
				MTL_FAST_MATH = YES;
				SDKROOT = iphoneos;
				SWIFT_COMPILATION_MODE = wholemodule;
				SWIFT_OPTIMIZATION_LEVEL = "-O";
				VALIDATE_PRODUCT = YES;
			};
			name = Release;
		};
		A2BF0542294245C90062A0EB /* Debug */ = {
			isa = XCBuildConfiguration;
			buildSettings = {
				ASSETCATALOG_COMPILER_APPICON_NAME = AppIcon;
				ASSETCATALOG_COMPILER_GLOBAL_ACCENT_COLOR_NAME = AccentColor;
				CODE_SIGN_IDENTITY = "Apple Development";
				CODE_SIGN_STYLE = Automatic;
				CURRENT_PROJECT_VERSION = 1;
				DEVELOPMENT_ASSET_PATHS = "\"Decision Maker/Preview Content\"";
				DEVELOPMENT_TEAM = 895F6NWJ4A;
				ENABLE_PREVIEWS = YES;
				GENERATE_INFOPLIST_FILE = YES;
				INFOPLIST_KEY_UIApplicationSceneManifest_Generation = YES;
				INFOPLIST_KEY_UIApplicationSupportsIndirectInputEvents = YES;
				INFOPLIST_KEY_UILaunchScreen_Generation = YES;
				INFOPLIST_KEY_UISupportedInterfaceOrientations_iPad = "UIInterfaceOrientationPortrait UIInterfaceOrientationPortraitUpsideDown UIInterfaceOrientationLandscapeLeft UIInterfaceOrientationLandscapeRight";
				INFOPLIST_KEY_UISupportedInterfaceOrientations_iPhone = "UIInterfaceOrientationPortrait UIInterfaceOrientationLandscapeLeft UIInterfaceOrientationLandscapeRight";
				LD_RUNPATH_SEARCH_PATHS = (
					"$(inherited)",
					"@executable_path/Frameworks",
				);
				MARKETING_VERSION = 1.0;
				PRODUCT_BUNDLE_IDENTIFIER = "m.Decision-Maker";
				PRODUCT_NAME = "$(TARGET_NAME)";
				PROVISIONING_PROFILE_SPECIFIER = "";
				SWIFT_EMIT_LOC_STRINGS = YES;
				SWIFT_VERSION = 5.0;
				TARGETED_DEVICE_FAMILY = "1,2";
			};
			name = Debug;
		};
		A2BF0543294245C90062A0EB /* Release */ = {
			isa = XCBuildConfiguration;
			buildSettings = {
				ASSETCATALOG_COMPILER_APPICON_NAME = AppIcon;
				ASSETCATALOG_COMPILER_GLOBAL_ACCENT_COLOR_NAME = AccentColor;
				CODE_SIGN_IDENTITY = "Apple Development";
				CODE_SIGN_STYLE = Automatic;
				CURRENT_PROJECT_VERSION = 1;
				DEVELOPMENT_ASSET_PATHS = "\"Decision Maker/Preview Content\"";
				DEVELOPMENT_TEAM = 895F6NWJ4A;
				ENABLE_PREVIEWS = YES;
				GENERATE_INFOPLIST_FILE = YES;
				INFOPLIST_KEY_UIApplicationSceneManifest_Generation = YES;
				INFOPLIST_KEY_UIApplicationSupportsIndirectInputEvents = YES;
				INFOPLIST_KEY_UILaunchScreen_Generation = YES;
				INFOPLIST_KEY_UISupportedInterfaceOrientations_iPad = "UIInterfaceOrientationPortrait UIInterfaceOrientationPortraitUpsideDown UIInterfaceOrientationLandscapeLeft UIInterfaceOrientationLandscapeRight";
				INFOPLIST_KEY_UISupportedInterfaceOrientations_iPhone = "UIInterfaceOrientationPortrait UIInterfaceOrientationLandscapeLeft UIInterfaceOrientationLandscapeRight";
				LD_RUNPATH_SEARCH_PATHS = (
					"$(inherited)",
					"@executable_path/Frameworks",
				);
				MARKETING_VERSION = 1.0;
				PRODUCT_BUNDLE_IDENTIFIER = "m.Decision-Maker";
				PRODUCT_NAME = "$(TARGET_NAME)";
				PROVISIONING_PROFILE_SPECIFIER = "";
				SWIFT_EMIT_LOC_STRINGS = YES;
				SWIFT_VERSION = 5.0;
				TARGETED_DEVICE_FAMILY = "1,2";
			};
			name = Release;
		};
		A2BF0545294245C90062A0EB /* Debug */ = {
			isa = XCBuildConfiguration;
			buildSettings = {
				ALWAYS_EMBED_SWIFT_STANDARD_LIBRARIES = YES;
				BUNDLE_LOADER = "$(TEST_HOST)";
				CODE_SIGN_STYLE = Manual;
				CURRENT_PROJECT_VERSION = 1;
				DEVELOPMENT_TEAM = "";
				"DEVELOPMENT_TEAM[sdk=iphoneos*]" = 895F6NWJ4A;
				"DEVELOPMENT_TEAM[sdk=macosx*]" = 895F6NWJ4A;
				GENERATE_INFOPLIST_FILE = YES;
				IPHONEOS_DEPLOYMENT_TARGET = 16.1;
				MARKETING_VERSION = 1.0;
				PRODUCT_BUNDLE_IDENTIFIER = "m.Decision-MakerTests";
				PRODUCT_NAME = "$(TARGET_NAME)";
				PROVISIONING_PROFILE_SPECIFIER = "";
				"PROVISIONING_PROFILE_SPECIFIER[sdk=iphoneos*]" = "";
				SWIFT_EMIT_LOC_STRINGS = NO;
				SWIFT_VERSION = 5.0;
				TARGETED_DEVICE_FAMILY = "1,2";
				TEST_HOST = "$(BUILT_PRODUCTS_DIR)/Decision Maker.app/$(BUNDLE_EXECUTABLE_FOLDER_PATH)/Decision Maker";
			};
			name = Debug;
		};
		A2BF0546294245C90062A0EB /* Release */ = {
			isa = XCBuildConfiguration;
			buildSettings = {
				ALWAYS_EMBED_SWIFT_STANDARD_LIBRARIES = YES;
				BUNDLE_LOADER = "$(TEST_HOST)";
				CODE_SIGN_STYLE = Manual;
				CURRENT_PROJECT_VERSION = 1;
				DEVELOPMENT_TEAM = "";
				"DEVELOPMENT_TEAM[sdk=iphoneos*]" = 895F6NWJ4A;
				"DEVELOPMENT_TEAM[sdk=macosx*]" = 895F6NWJ4A;
				GENERATE_INFOPLIST_FILE = YES;
				IPHONEOS_DEPLOYMENT_TARGET = 16.1;
				MARKETING_VERSION = 1.0;
				PRODUCT_BUNDLE_IDENTIFIER = "m.Decision-MakerTests";
				PRODUCT_NAME = "$(TARGET_NAME)";
				PROVISIONING_PROFILE_SPECIFIER = "";
				"PROVISIONING_PROFILE_SPECIFIER[sdk=iphoneos*]" = "";
				SWIFT_EMIT_LOC_STRINGS = NO;
				SWIFT_VERSION = 5.0;
				TARGETED_DEVICE_FAMILY = "1,2";
				TEST_HOST = "$(BUILT_PRODUCTS_DIR)/Decision Maker.app/$(BUNDLE_EXECUTABLE_FOLDER_PATH)/Decision Maker";
			};
			name = Release;
		};
		A2BF0548294245C90062A0EB /* Debug */ = {
			isa = XCBuildConfiguration;
			buildSettings = {
				ALWAYS_EMBED_SWIFT_STANDARD_LIBRARIES = YES;
				CODE_SIGN_STYLE = Manual;
				CURRENT_PROJECT_VERSION = 1;
				DEVELOPMENT_TEAM = "";
				GENERATE_INFOPLIST_FILE = YES;
				MARKETING_VERSION = 1.0;
				PRODUCT_BUNDLE_IDENTIFIER = "m.Decision-MakerUITests";
				PRODUCT_NAME = "$(TARGET_NAME)";
				PROVISIONING_PROFILE_SPECIFIER = "";
				SWIFT_EMIT_LOC_STRINGS = NO;
				SWIFT_VERSION = 5.0;
				TARGETED_DEVICE_FAMILY = "1,2";
				TEST_TARGET_NAME = "Decision Maker";
			};
			name = Debug;
		};
		A2BF0549294245C90062A0EB /* Release */ = {
			isa = XCBuildConfiguration;
			buildSettings = {
				ALWAYS_EMBED_SWIFT_STANDARD_LIBRARIES = YES;
				CODE_SIGN_STYLE = Manual;
				CURRENT_PROJECT_VERSION = 1;
				DEVELOPMENT_TEAM = "";
				GENERATE_INFOPLIST_FILE = YES;
				MARKETING_VERSION = 1.0;
				PRODUCT_BUNDLE_IDENTIFIER = "m.Decision-MakerUITests";
				PRODUCT_NAME = "$(TARGET_NAME)";
				PROVISIONING_PROFILE_SPECIFIER = "";
				SWIFT_EMIT_LOC_STRINGS = NO;
				SWIFT_VERSION = 5.0;
				TARGETED_DEVICE_FAMILY = "1,2";
				TEST_TARGET_NAME = "Decision Maker";
			};
			name = Release;
		};
/* End XCBuildConfiguration section */

/* Begin XCConfigurationList section */
		A2BF0518294245C80062A0EB /* Build configuration list for PBXProject "Decision Maker" */ = {
			isa = XCConfigurationList;
			buildConfigurations = (
				A2BF053F294245C90062A0EB /* Debug */,
				A2BF0540294245C90062A0EB /* Release */,
			);
			defaultConfigurationIsVisible = 0;
			defaultConfigurationName = Release;
		};
		A2BF0541294245C90062A0EB /* Build configuration list for PBXNativeTarget "Decision Maker" */ = {
			isa = XCConfigurationList;
			buildConfigurations = (
				A2BF0542294245C90062A0EB /* Debug */,
				A2BF0543294245C90062A0EB /* Release */,
			);
			defaultConfigurationIsVisible = 0;
			defaultConfigurationName = Release;
		};
		A2BF0544294245C90062A0EB /* Build configuration list for PBXNativeTarget "Decision MakerTests" */ = {
			isa = XCConfigurationList;
			buildConfigurations = (
				A2BF0545294245C90062A0EB /* Debug */,
				A2BF0546294245C90062A0EB /* Release */,
			);
			defaultConfigurationIsVisible = 0;
			defaultConfigurationName = Release;
		};
		A2BF0547294245C90062A0EB /* Build configuration list for PBXNativeTarget "Decision MakerUITests" */ = {
			isa = XCConfigurationList;
			buildConfigurations = (
				A2BF0548294245C90062A0EB /* Debug */,
				A2BF0549294245C90062A0EB /* Release */,
			);
			defaultConfigurationIsVisible = 0;
			defaultConfigurationName = Release;
		};
/* End XCConfigurationList section */
	};
	rootObject = A2BF0515294245C80062A0EB /* Project object */;
}
